// !$*UTF8*$!
{
	archiveVersion = 1;
	classes = {
	};
	objectVersion = 50;
	objects = {

/* Begin PBXBuildFile section */
		ACDF6B22AEBF1F79788827E7 /* Pods_Reactive.framework in Frameworks */ = {isa = PBXBuildFile; fileRef = D82B77DEAB6894C6043FDEC6 /* Pods_Reactive.framework */; };
		B172440B218B41D6004AFF42 /* AppDelegate.swift in Sources */ = {isa = PBXBuildFile; fileRef = B172440A218B41D6004AFF42 /* AppDelegate.swift */; };
		B172440D218B41D6004AFF42 /* ViewController.swift in Sources */ = {isa = PBXBuildFile; fileRef = B172440C218B41D6004AFF42 /* ViewController.swift */; };
		B1724410218B41D6004AFF42 /* Main.storyboard in Resources */ = {isa = PBXBuildFile; fileRef = B172440E218B41D6004AFF42 /* Main.storyboard */; };
		B1724412218B41D7004AFF42 /* Assets.xcassets in Resources */ = {isa = PBXBuildFile; fileRef = B1724411218B41D7004AFF42 /* Assets.xcassets */; };
		B1724415218B41D7004AFF42 /* LaunchScreen.storyboard in Resources */ = {isa = PBXBuildFile; fileRef = B1724413218B41D7004AFF42 /* LaunchScreen.storyboard */; };
/* End PBXBuildFile section */

/* Begin PBXFileReference section */
		62EB280E91E339EE8C47BA73 /* Pods-Reactive.debug.xcconfig */ = {isa = PBXFileReference; includeInIndex = 1; lastKnownFileType = text.xcconfig; name = "Pods-Reactive.debug.xcconfig"; path = "Pods/Target Support Files/Pods-Reactive/Pods-Reactive.debug.xcconfig"; sourceTree = "<group>"; };
		7C80101F750EF2FE5371B81D /* Pods-Reactive.release.xcconfig */ = {isa = PBXFileReference; includeInIndex = 1; lastKnownFileType = text.xcconfig; name = "Pods-Reactive.release.xcconfig"; path = "Pods/Target Support Files/Pods-Reactive/Pods-Reactive.release.xcconfig"; sourceTree = "<group>"; };
		B1724407218B41D6004AFF42 /* Reactive.app */ = {isa = PBXFileReference; explicitFileType = wrapper.application; includeInIndex = 0; path = Reactive.app; sourceTree = BUILT_PRODUCTS_DIR; };
		B172440A218B41D6004AFF42 /* AppDelegate.swift */ = {isa = PBXFileReference; lastKnownFileType = sourcecode.swift; path = AppDelegate.swift; sourceTree = "<group>"; };
		B172440C218B41D6004AFF42 /* ViewController.swift */ = {isa = PBXFileReference; lastKnownFileType = sourcecode.swift; path = ViewController.swift; sourceTree = "<group>"; };
		B172440F218B41D6004AFF42 /* Base */ = {isa = PBXFileReference; lastKnownFileType = file.storyboard; name = Base; path = Base.lproj/Main.storyboard; sourceTree = "<group>"; };
		B1724411218B41D7004AFF42 /* Assets.xcassets */ = {isa = PBXFileReference; lastKnownFileType = folder.assetcatalog; path = Assets.xcassets; sourceTree = "<group>"; };
		B1724414218B41D7004AFF42 /* Base */ = {isa = PBXFileReference; lastKnownFileType = file.storyboard; name = Base; path = Base.lproj/LaunchScreen.storyboard; sourceTree = "<group>"; };
		B1724416218B41D7004AFF42 /* Info.plist */ = {isa = PBXFileReference; lastKnownFileType = text.plist.xml; path = Info.plist; sourceTree = "<group>"; };
		B172441C218B41FF004AFF42 /* ReactivePlayground.playground */ = {isa = PBXFileReference; lastKnownFileType = file.playground; name = ReactivePlayground.playground; path = ../ReactivePlayground.playground; sourceTree = "<group>"; xcLanguageSpecificationIdentifier = xcode.lang.swift; };
		B172441D218B4767004AFF42 /* ReactivePlayground1.playground */ = {isa = PBXFileReference; lastKnownFileType = file.playground; name = ReactivePlayground1.playground; path = ../ReactivePlayground1.playground; sourceTree = "<group>"; xcLanguageSpecificationIdentifier = xcode.lang.swift; };
		B172441E218C3410004AFF42 /* ReactivePlayground2.playground */ = {isa = PBXFileReference; lastKnownFileType = file.playground; name = ReactivePlayground2.playground; path = ../ReactivePlayground2.playground; sourceTree = "<group>"; xcLanguageSpecificationIdentifier = xcode.lang.swift; };
		D82B77DEAB6894C6043FDEC6 /* Pods_Reactive.framework */ = {isa = PBXFileReference; explicitFileType = wrapper.framework; includeInIndex = 0; path = Pods_Reactive.framework; sourceTree = BUILT_PRODUCTS_DIR; };
/* End PBXFileReference section */

/* Begin PBXFrameworksBuildPhase section */
		B1724404218B41D6004AFF42 /* Frameworks */ = {
			isa = PBXFrameworksBuildPhase;
			buildActionMask = 2147483647;
			files = (
				ACDF6B22AEBF1F79788827E7 /* Pods_Reactive.framework in Frameworks */,
			);
			runOnlyForDeploymentPostprocessing = 0;
		};
/* End PBXFrameworksBuildPhase section */

/* Begin PBXGroup section */
		9BD91338BE98A559162BAC1A /* Pods */ = {
			isa = PBXGroup;
			children = (
				62EB280E91E339EE8C47BA73 /* Pods-Reactive.debug.xcconfig */,
				7C80101F750EF2FE5371B81D /* Pods-Reactive.release.xcconfig */,
			);
			name = Pods;
			sourceTree = "<group>";
		};
		B17243FE218B41D6004AFF42 = {
			isa = PBXGroup;
			children = (
				B172441E218C3410004AFF42 /* ReactivePlayground2.playground */,
				B172441D218B4767004AFF42 /* ReactivePlayground1.playground */,
				B172441C218B41FF004AFF42 /* ReactivePlayground.playground */,
				B1724409218B41D6004AFF42 /* Reactive */,
				B1724408218B41D6004AFF42 /* Products */,
				9BD91338BE98A559162BAC1A /* Pods */,
				BA99755EA92864A1CAF6D56E /* Frameworks */,
			);
			sourceTree = "<group>";
		};
		B1724408218B41D6004AFF42 /* Products */ = {
			isa = PBXGroup;
			children = (
				B1724407218B41D6004AFF42 /* Reactive.app */,
			);
			name = Products;
			sourceTree = "<group>";
		};
		B1724409218B41D6004AFF42 /* Reactive */ = {
			isa = PBXGroup;
			children = (
				B172440A218B41D6004AFF42 /* AppDelegate.swift */,
				B172440C218B41D6004AFF42 /* ViewController.swift */,
				B172440E218B41D6004AFF42 /* Main.storyboard */,
				B1724411218B41D7004AFF42 /* Assets.xcassets */,
				B1724413218B41D7004AFF42 /* LaunchScreen.storyboard */,
				B1724416218B41D7004AFF42 /* Info.plist */,
			);
			path = Reactive;
			sourceTree = "<group>";
		};
		BA99755EA92864A1CAF6D56E /* Frameworks */ = {
			isa = PBXGroup;
			children = (
				D82B77DEAB6894C6043FDEC6 /* Pods_Reactive.framework */,
			);
			name = Frameworks;
			sourceTree = "<group>";
		};
/* End PBXGroup section */

/* Begin PBXNativeTarget section */
		B1724406218B41D6004AFF42 /* Reactive */ = {
			isa = PBXNativeTarget;
			buildConfigurationList = B1724419218B41D7004AFF42 /* Build configuration list for PBXNativeTarget "Reactive" */;
			buildPhases = (
				F9815FF6C7B7DD8BD9E5C613 /* [CP] Check Pods Manifest.lock */,
				B1724403218B41D6004AFF42 /* Sources */,
				B1724404218B41D6004AFF42 /* Frameworks */,
				B1724405218B41D6004AFF42 /* Resources */,
				77C66A3F480747B8BCA3D950 /* [CP] Embed Pods Frameworks */,
			);
			buildRules = (
			);
			dependencies = (
			);
			name = Reactive;
			productName = Reactive;
			productReference = B1724407218B41D6004AFF42 /* Reactive.app */;
			productType = "com.apple.product-type.application";
		};
/* End PBXNativeTarget section */

/* Begin PBXProject section */
		B17243FF218B41D6004AFF42 /* Project object */ = {
			isa = PBXProject;
			attributes = {
				LastSwiftUpdateCheck = 1000;
				LastUpgradeCheck = 1000;
				ORGANIZATIONNAME = Jyothish;
				TargetAttributes = {
					B1724406218B41D6004AFF42 = {
						CreatedOnToolsVersion = 10.0;
					};
				};
			};
			buildConfigurationList = B1724402218B41D6004AFF42 /* Build configuration list for PBXProject "Reactive" */;
			compatibilityVersion = "Xcode 9.3";
			developmentRegion = en;
			hasScannedForEncodings = 0;
			knownRegions = (
				en,
				Base,
			);
			mainGroup = B17243FE218B41D6004AFF42;
			productRefGroup = B1724408218B41D6004AFF42 /* Products */;
			projectDirPath = "";
			projectRoot = "";
			targets = (
				B1724406218B41D6004AFF42 /* Reactive */,
			);
		};
/* End PBXProject section */

/* Begin PBXResourcesBuildPhase section */
		B1724405218B41D6004AFF42 /* Resources */ = {
			isa = PBXResourcesBuildPhase;
			buildActionMask = 2147483647;
			files = (
				B1724415218B41D7004AFF42 /* LaunchScreen.storyboard in Resources */,
				B1724412218B41D7004AFF42 /* Assets.xcassets in Resources */,
				B1724410218B41D6004AFF42 /* Main.storyboard in Resources */,
			);
			runOnlyForDeploymentPostprocessing = 0;
		};
/* End PBXResourcesBuildPhase section */

/* Begin PBXShellScriptBuildPhase section */
		77C66A3F480747B8BCA3D950 /* [CP] Embed Pods Frameworks */ = {
			isa = PBXShellScriptBuildPhase;
			buildActionMask = 2147483647;
			files = (
			);
			inputPaths = (
				"${SRCROOT}/Pods/Target Support Files/Pods-Reactive/Pods-Reactive-frameworks.sh",
				"${BUILT_PRODUCTS_DIR}/RxCocoa/RxCocoa.framework",
				"${BUILT_PRODUCTS_DIR}/RxSwift/RxSwift.framework",
			);
			name = "[CP] Embed Pods Frameworks";
			outputPaths = (
				"${TARGET_BUILD_DIR}/${FRAMEWORKS_FOLDER_PATH}/RxCocoa.framework",
				"${TARGET_BUILD_DIR}/${FRAMEWORKS_FOLDER_PATH}/RxSwift.framework",
			);
			runOnlyForDeploymentPostprocessing = 0;
			shellPath = /bin/sh;
			shellScript = "\"${SRCROOT}/Pods/Target Support Files/Pods-Reactive/Pods-Reactive-frameworks.sh\"\n";
			showEnvVarsInLog = 0;
		};
		F9815FF6C7B7DD8BD9E5C613 /* [CP] Check Pods Manifest.lock */ = {
			isa = PBXShellScriptBuildPhase;
			buildActionMask = 2147483647;
			files = (
			);
			inputPaths = (
				"${PODS_PODFILE_DIR_PATH}/Podfile.lock",
				"${PODS_ROOT}/Manifest.lock",
			);
			name = "[CP] Check Pods Manifest.lock";
			outputPaths = (
				"$(DERIVED_FILE_DIR)/Pods-Reactive-checkManifestLockResult.txt",
			);
			runOnlyForDeploymentPostprocessing = 0;
			shellPath = /bin/sh;
			shellScript = "diff \"${PODS_PODFILE_DIR_PATH}/Podfile.lock\" \"${PODS_ROOT}/Manifest.lock\" > /dev/null\nif [ $? != 0 ] ; then\n    # print error to STDERR\n    echo \"error: The sandbox is not in sync with the Podfile.lock. Run 'pod install' or update your CocoaPods installation.\" >&2\n    exit 1\nfi\n# This output is used by Xcode 'outputs' to avoid re-running this script phase.\necho \"SUCCESS\" > \"${SCRIPT_OUTPUT_FILE_0}\"\n";
			showEnvVarsInLog = 0;
		};
/* End PBXShellScriptBuildPhase section */

/* Begin PBXSourcesBuildPhase section */
		B1724403218B41D6004AFF42 /* Sources */ = {
			isa = PBXSourcesBuildPhase;
			buildActionMask = 2147483647;
			files = (
				B172440D218B41D6004AFF42 /* ViewController.swift in Sources */,
				B172440B218B41D6004AFF42 /* AppDelegate.swift in Sources */,
			);
			runOnlyForDeploymentPostprocessing = 0;
		};
/* End PBXSourcesBuildPhase section */

/* Begin PBXVariantGroup section */
		B172440E218B41D6004AFF42 /* Main.storyboard */ = {
			isa = PBXVariantGroup;
			children = (
				B172440F218B41D6004AFF42 /* Base */,
			);
			name = Main.storyboard;
			sourceTree = "<group>";
		};
		B1724413218B41D7004AFF42 /* LaunchScreen.storyboard */ = {
			isa = PBXVariantGroup;
			children = (
				B1724414218B41D7004AFF42 /* Base */,
			);
			name = LaunchScreen.storyboard;
			sourceTree = "<group>";
		};
/* End PBXVariantGroup section */

/* Begin XCBuildConfiguration section */
		B1724417218B41D7004AFF42 /* Debug */ = {
			isa = XCBuildConfiguration;
			buildSettings = {
				ALWAYS_SEARCH_USER_PATHS = NO;
				CLANG_ANALYZER_NONNULL = YES;
				CLANG_ANALYZER_NUMBER_OBJECT_CONVERSION = YES_AGGRESSIVE;
				CLANG_CXX_LANGUAGE_STANDARD = "gnu++14";
				CLANG_CXX_LIBRARY = "libc++";
				CLANG_ENABLE_MODULES = YES;
				CLANG_ENABLE_OBJC_ARC = YES;
				CLANG_ENABLE_OBJC_WEAK = YES;
				CLANG_WARN_BLOCK_CAPTURE_AUTORELEASING = YES;
				CLANG_WARN_BOOL_CONVERSION = YES;
				CLANG_WARN_COMMA = YES;
				CLANG_WARN_CONSTANT_CONVERSION = YES;
				CLANG_WARN_DEPRECATED_OBJC_IMPLEMENTATIONS = YES;
				CLANG_WARN_DIRECT_OBJC_ISA_USAGE = YES_ERROR;
				CLANG_WARN_DOCUMENTATION_COMMENTS = YES;
				CLANG_WARN_EMPTY_BODY = YES;
				CLANG_WARN_ENUM_CONVERSION = YES;
				CLANG_WARN_INFINITE_RECURSION = YES;
				CLANG_WARN_INT_CONVERSION = YES;
				CLANG_WARN_NON_LITERAL_NULL_CONVERSION = YES;
				CLANG_WARN_OBJC_IMPLICIT_RETAIN_SELF = YES;
				CLANG_WARN_OBJC_LITERAL_CONVERSION = YES;
				CLANG_WARN_OBJC_ROOT_CLASS = YES_ERROR;
				CLANG_WARN_RANGE_LOOP_ANALYSIS = YES;
				CLANG_WARN_STRICT_PROTOTYPES = YES;
				CLANG_WARN_SUSPICIOUS_MOVE = YES;
				CLANG_WARN_UNGUARDED_AVAILABILITY = YES_AGGRESSIVE;
				CLANG_WARN_UNREACHABLE_CODE = YES;
				CLANG_WARN__DUPLICATE_METHOD_MATCH = YES;
				CODE_SIGN_IDENTITY = "iPhone Developer";
				COPY_PHASE_STRIP = NO;
				DEBUG_INFORMATION_FORMAT = dwarf;
				ENABLE_STRICT_OBJC_MSGSEND = YES;
				ENABLE_TESTABILITY = YES;
				GCC_C_LANGUAGE_STANDARD = gnu11;
				GCC_DYNAMIC_NO_PIC = NO;
				GCC_NO_COMMON_BLOCKS = YES;
				GCC_OPTIMIZATION_LEVEL = 0;
				GCC_PREPROCESSOR_DEFINITIONS = (
					"DEBUG=1",
					"$(inherited)",
				);
				GCC_WARN_64_TO_32_BIT_CONVERSION = YES;
				GCC_WARN_ABOUT_RETURN_TYPE = YES_ERROR;
				GCC_WARN_UNDECLARED_SELECTOR = YES;
				GCC_WARN_UNINITIALIZED_AUTOS = YES_AGGRESSIVE;
				GCC_WARN_UNUSED_FUNCTION = YES;
				GCC_WARN_UNUSED_VARIABLE = YES;
				IPHONEOS_DEPLOYMENT_TARGET = 12.0;
				MTL_ENABLE_DEBUG_INFO = INCLUDE_SOURCE;
				MTL_FAST_MATH = YES;
				ONLY_ACTIVE_ARCH = YES;
				SDKROOT = iphoneos;
				SWIFT_ACTIVE_COMPILATION_CONDITIONS = DEBUG;
				SWIFT_OPTIMIZATION_LEVEL = "-Onone";
			};
			name = Debug;
		};
		B1724418218B41D7004AFF42 /* Release */ = {
			isa = XCBuildConfiguration;
			buildSettings = {
				ALWAYS_SEARCH_USER_PATHS = NO;
				CLANG_ANALYZER_NONNULL = YES;
				CLANG_ANALYZER_NUMBER_OBJECT_CONVERSION = YES_AGGRESSIVE;
				CLANG_CXX_LANGUAGE_STANDARD = "gnu++14";
				CLANG_CXX_LIBRARY = "libc++";
				CLANG_ENABLE_MODULES = YES;
				CLANG_ENABLE_OBJC_ARC = YES;
				CLANG_ENABLE_OBJC_WEAK = YES;
				CLANG_WARN_BLOCK_CAPTURE_AUTORELEASING = YES;
				CLANG_WARN_BOOL_CONVERSION = YES;
				CLANG_WARN_COMMA = YES;
				CLANG_WARN_CONSTANT_CONVERSION = YES;
				CLANG_WARN_DEPRECATED_OBJC_IMPLEMENTATIONS = YES;
				CLANG_WARN_DIRECT_OBJC_ISA_USAGE = YES_ERROR;
				CLANG_WARN_DOCUMENTATION_COMMENTS = YES;
				CLANG_WARN_EMPTY_BODY = YES;
				CLANG_WARN_ENUM_CONVERSION = YES;
				CLANG_WARN_INFINITE_RECURSION = YES;
				CLANG_WARN_INT_CONVERSION = YES;
				CLANG_WARN_NON_LITERAL_NULL_CONVERSION = YES;
				CLANG_WARN_OBJC_IMPLICIT_RETAIN_SELF = YES;
				CLANG_WARN_OBJC_LITERAL_CONVERSION = YES;
				CLANG_WARN_OBJC_ROOT_CLASS = YES_ERROR;
				CLANG_WARN_RANGE_LOOP_ANALYSIS = YES;
				CLANG_WARN_STRICT_PROTOTYPES = YES;
				CLANG_WARN_SUSPICIOUS_MOVE = YES;
				CLANG_WARN_UNGUARDED_AVAILABILITY = YES_AGGRESSIVE;
				CLANG_WARN_UNREACHABLE_CODE = YES;
				CLANG_WARN__DUPLICATE_METHOD_MATCH = YES;
				CODE_SIGN_IDENTITY = "iPhone Developer";
				COPY_PHASE_STRIP = NO;
				DEBUG_INFORMATION_FORMAT = "dwarf-with-dsym";
				ENABLE_NS_ASSERTIONS = NO;
				ENABLE_STRICT_OBJC_MSGSEND = YES;
				GCC_C_LANGUAGE_STANDARD = gnu11;
				GCC_NO_COMMON_BLOCKS = YES;
				GCC_WARN_64_TO_32_BIT_CONVERSION = YES;
				GCC_WARN_ABOUT_RETURN_TYPE = YES_ERROR;
				GCC_WARN_UNDECLARED_SELECTOR = YES;
				GCC_WARN_UNINITIALIZED_AUTOS = YES_AGGRESSIVE;
				GCC_WARN_UNUSED_FUNCTION = YES;
				GCC_WARN_UNUSED_VARIABLE = YES;
				IPHONEOS_DEPLOYMENT_TARGET = 12.0;
				MTL_ENABLE_DEBUG_INFO = NO;
				MTL_FAST_MATH = YES;
				SDKROOT = iphoneos;
				SWIFT_COMPILATION_MODE = wholemodule;
				SWIFT_OPTIMIZATION_LEVEL = "-O";
				VALIDATE_PRODUCT = YES;
			};
			name = Release;
		};
		B172441A218B41D7004AFF42 /* Debug */ = {
			isa = XCBuildConfiguration;
			baseConfigurationReference = 62EB280E91E339EE8C47BA73 /* Pods-Reactive.debug.xcconfig */;
			buildSettings = {
				ASSETCATALOG_COMPILER_APPICON_NAME = AppIcon;
				CODE_SIGN_STYLE = Automatic;
				INFOPLIST_FILE = Reactive/Info.plist;
				LD_RUNPATH_SEARCH_PATHS = (
					"$(inherited)",
					"@executable_path/Frameworks",
				);
				PRODUCT_BUNDLE_IDENTIFIER = com.learning.reusable.Reactive;
				PRODUCT_NAME = "$(TARGET_NAME)";
				SWIFT_VERSION = 4.2;
				TARGETED_DEVICE_FAMILY = "1,2";
			};
			name = Debug;
		};
		B172441B218B41D7004AFF42 /* Release */ = {
			isa = XCBuildConfiguration;
			baseConfigurationReference = 7C80101F750EF2FE5371B81D /* Pods-Reactive.release.xcconfig */;
			buildSettings = {
				ASSETCATALOG_COMPILER_APPICON_NAME = AppIcon;
				CODE_SIGN_STYLE = Automatic;
				INFOPLIST_FILE = Reactive/Info.plist;
				LD_RUNPATH_SEARCH_PATHS = (
					"$(inherited)",
					"@executable_path/Frameworks",
				);
				PRODUCT_BUNDLE_IDENTIFIER = com.learning.reusable.Reactive;
				PRODUCT_NAME = "$(TARGET_NAME)";
				SWIFT_VERSION = 4.2;
				TARGETED_DEVICE_FAMILY = "1,2";
			};
			name = Release;
		};
/* End XCBuildConfiguration section */

/* Begin XCConfigurationList section */
		B1724402218B41D6004AFF42 /* Build configuration list for PBXProject "Reactive" */ = {
			isa = XCConfigurationList;
			buildConfigurations = (
				B1724417218B41D7004AFF42 /* Debug */,
				B1724418218B41D7004AFF42 /* Release */,
			);
			defaultConfigurationIsVisible = 0;
			defaultConfigurationName = Release;
		};
		B1724419218B41D7004AFF42 /* Build configuration list for PBXNativeTarget "Reactive" */ = {
			isa = XCConfigurationList;
			buildConfigurations = (
				B172441A218B41D7004AFF42 /* Debug */,
				B172441B218B41D7004AFF42 /* Release */,
			);
			defaultConfigurationIsVisible = 0;
			defaultConfigurationName = Release;
		};
/* End XCConfigurationList section */
	};
	rootObject = B17243FF218B41D6004AFF42 /* Project object */;
}
